
Microsoft Visual Studio Solution File, Format Version 12.00
# Visual Studio 15
VisualStudioVersion = 15.0.28010.2026
MinimumVisualStudioVersion = 10.0.40219.1
Project("{FAE04EC0-301F-11D3-BF4B-00C04F79EFBC}") = "Lab_TAP_4", "Lab_TAP_4\Lab_TAP_4.csproj", "{665B0947-4DB5-45FF-8F92-A92D3065608F}"
EndProject
Project("{FAE04EC0-301F-11D3-BF4B-00C04F79EFBC}") = "lab_TAP_4.Tests", "lab_TAP_4.Tests\lab_TAP_4.Tests.csproj", "{C6E08DB5-E25D-40DA-862B-23B63CA41519}"
EndProject
Global
	GlobalSection(SolutionConfigurationPlatforms) = preSolution
		Debug|Any CPU = Debug|Any CPU
		Release|Any CPU = Release|Any CPU
	EndGlobalSection
	GlobalSection(ProjectConfigurationPlatforms) = postSolution
		{665B0947-4DB5-45FF-8F92-A92D3065608F}.Debug|Any CPU.ActiveCfg = Debug|Any CPU
		{665B0947-4DB5-45FF-8F92-A92D3065608F}.Debug|Any CPU.Build.0 = Debug|Any CPU
		{665B0947-4DB5-45FF-8F92-A92D3065608F}.Release|Any CPU.ActiveCfg = Release|Any CPU
		{665B0947-4DB5-45FF-8F92-A92D3065608F}.Release|Any CPU.Build.0 = Release|Any CPU
		{C6E08DB5-E25D-40DA-862B-23B63CA41519}.Debug|Any CPU.ActiveCfg = Debug|Any CPU
		{C6E08DB5-E25D-40DA-862B-23B63CA41519}.Debug|Any CPU.Build.0 = Debug|Any CPU
		{C6E08DB5-E25D-40DA-862B-23B63CA41519}.Release|Any CPU.ActiveCfg = Release|Any CPU
		{C6E08DB5-E25D-40DA-862B-23B63CA41519}.Release|Any CPU.Build.0 = Release|Any CPU
	EndGlobalSection
	GlobalSection(SolutionProperties) = preSolution
		HideSolutionNode = FALSE
	EndGlobalSection
	GlobalSection(ExtensibilityGlobals) = postSolution
		SolutionGuid = {C6661E40-B1A2-434D-A11E-28EE532FC832}
	EndGlobalSection
EndGlobal
